// !$*UTF8*$!
{
	archiveVersion = 1;
	classes = {
	};
	objectVersion = 50;
	objects = {

/* Begin PBXBuildFile section */
		FA05563D2A31358500480FEF /* SparseMatrixBuilder.m in Sources */ = {isa = PBXBuildFile; fileRef = FA05563C2A31358500480FEF /* SparseMatrixBuilder.m */; };
		FA0556422A3138C300480FEF /* SparseMatrixBuilder.h in Headers */ = {isa = PBXBuildFile; fileRef = FA0556412A31359B00480FEF /* SparseMatrixBuilder.h */; settings = {ATTRIBUTES = (Public, ); }; };
		FA05564A2A3145E600480FEF /* SparseMatrixBuilderTest.m in Sources */ = {isa = PBXBuildFile; fileRef = FA0556492A3145E600480FEF /* SparseMatrixBuilderTest.m */; };
		FA0556622A328E9E00480FEF /* simplicies_0.txt in Resources */ = {isa = PBXBuildFile; fileRef = FA0556612A328E9E00480FEF /* simplicies_0.txt */; };
		FA22CFFD29EC1C9000B6F933 /* MetalTopology.framework in Frameworks */ = {isa = PBXBuildFile; fileRef = FA22CFF329EC1C9000B6F933 /* MetalTopology.framework */; };
		FA22D00429EC1C9000B6F933 /* MetalTopology.h in Headers */ = {isa = PBXBuildFile; fileRef = FA22CFF629EC1C9000B6F933 /* MetalTopology.h */; settings = {ATTRIBUTES = (Public, ); }; };
		FA22D03829EC1E3100B6F933 /* Metal.framework in Frameworks */ = {isa = PBXBuildFile; fileRef = FA22D03729EC1E3000B6F933 /* Metal.framework */; };
		FA22D04829EC319100B6F933 /* main.m in Sources */ = {isa = PBXBuildFile; fileRef = FA22D04729EC319100B6F933 /* main.m */; };
		FA22D04F29EC31B800B6F933 /* MetalTopology.framework in Frameworks */ = {isa = PBXBuildFile; fileRef = FA22CFF329EC1C9000B6F933 /* MetalTopology.framework */; };
		FA22D06029FD312200B6F933 /* SparseMatrix.m in Sources */ = {isa = PBXBuildFile; fileRef = FA22D05F29FD312200B6F933 /* SparseMatrix.m */; };
		FA22D06F29FFF01A00B6F933 /* SparseMatrixTest.m in Sources */ = {isa = PBXBuildFile; fileRef = FA22D06E29FFF01A00B6F933 /* SparseMatrixTest.m */; };
		FA22D07B2A029FC600B6F933 /* PhComputation.m in Sources */ = {isa = PBXBuildFile; fileRef = FA22D07A2A029FC600B6F933 /* PhComputation.m */; };
		FA22D0812A02A10700B6F933 /* PhComputation.metal in Sources */ = {isa = PBXBuildFile; fileRef = FA22D0802A02A10700B6F933 /* PhComputation.metal */; };
		FA22D08B2A0440BC00B6F933 /* SparseMatrixReductionTest.m in Sources */ = {isa = PBXBuildFile; fileRef = FA22D08A2A0440BC00B6F933 /* SparseMatrixReductionTest.m */; };
		FAA1B9EC2A05685C00754167 /* matrix_2.txt in Resources */ = {isa = PBXBuildFile; fileRef = FAA1B9EB2A05685C00754167 /* matrix_2.txt */; };
		FAA1B9F12A05687000754167 /* matrix_2_reduced.txt in Resources */ = {isa = PBXBuildFile; fileRef = FAA1B9F02A05687000754167 /* matrix_2_reduced.txt */; };
		FAA1B9F52A070C1E00754167 /* PhComputation.h in Headers */ = {isa = PBXBuildFile; fileRef = FA22D07F2A029FDA00B6F933 /* PhComputation.h */; settings = {ATTRIBUTES = (Public, ); }; };
		FAE846D52A09AAE7006390BA /* matrix_3.txt in Resources */ = {isa = PBXBuildFile; fileRef = FAE846D42A09AAE7006390BA /* matrix_3.txt */; };
		FAE846DA2A09AAFA006390BA /* matrix_3_pairs.txt in Resources */ = {isa = PBXBuildFile; fileRef = FAE846D92A09AAFA006390BA /* matrix_3_pairs.txt */; };
		FAE846DF2A09AEA8006390BA /* PersistencePairs.h in Headers */ = {isa = PBXBuildFile; fileRef = FAE846DE2A09AEA8006390BA /* PersistencePairs.h */; settings = {ATTRIBUTES = (Public, ); }; };
		FAE846F42A09B9D5006390BA /* PersistencePairs.m in Sources */ = {isa = PBXBuildFile; fileRef = FAE846E32A09AEBC006390BA /* PersistencePairs.m */; };
		FAE846F92A0A7190006390BA /* Types.h in Headers */ = {isa = PBXBuildFile; fileRef = FAE846F82A0A7190006390BA /* Types.h */; settings = {ATTRIBUTES = (Public, ); }; };
		FAE847042A0A9036006390BA /* matrix_hiv_14_610.0.txt in Resources */ = {isa = PBXBuildFile; fileRef = FAE847032A0A9036006390BA /* matrix_hiv_14_610.0.txt */; };
		FAE847092A0A904B006390BA /* matrix_hiv_14_610.0_pairs.txt in Resources */ = {isa = PBXBuildFile; fileRef = FAE847082A0A904B006390BA /* matrix_hiv_14_610.0_pairs.txt */; };
		FAE847112A0D3B8B006390BA /* matrix_h3n2_2_30.0.txt in Resources */ = {isa = PBXBuildFile; fileRef = FAE847102A0D3B8B006390BA /* matrix_h3n2_2_30.0.txt */; };
		FAE847162A0D3B9E006390BA /* matrix_h3n2_2_30.0_pairs.txt in Resources */ = {isa = PBXBuildFile; fileRef = FAE847152A0D3B9E006390BA /* matrix_h3n2_2_30.0_pairs.txt */; };
		FAE8471F2A13DB2A006390BA /* matrix_1.txt in Resources */ = {isa = PBXBuildFile; fileRef = FAE8471D2A13DB2A006390BA /* matrix_1.txt */; };
		FAE847202A13DB2A006390BA /* matrix_1_reduced.txt in Resources */ = {isa = PBXBuildFile; fileRef = FAE8471E2A13DB2A006390BA /* matrix_1_reduced.txt */; };
/* End PBXBuildFile section */

/* Begin PBXContainerItemProxy section */
		FA22CFFE29EC1C9000B6F933 /* PBXContainerItemProxy */ = {
			isa = PBXContainerItemProxy;
			containerPortal = FA22CFEA29EC1C9000B6F933 /* Project object */;
			proxyType = 1;
			remoteGlobalIDString = FA22CFF229EC1C9000B6F933;
			remoteInfo = MetalTopology;
		};
/* End PBXContainerItemProxy section */

/* Begin PBXCopyFilesBuildPhase section */
		FA22D04329EC319100B6F933 /* CopyFiles */ = {
			isa = PBXCopyFilesBuildPhase;
			buildActionMask = 2147483647;
			dstPath = /usr/share/man/man1;
			dstSubfolderSpec = 0;
			files = (
			);
			runOnlyForDeploymentPostprocessing = 1;
		};
/* End PBXCopyFilesBuildPhase section */

/* Begin PBXFileReference section */
		FA05563C2A31358500480FEF /* SparseMatrixBuilder.m */ = {isa = PBXFileReference; lastKnownFileType = sourcecode.c.objc; path = SparseMatrixBuilder.m; sourceTree = "<group>"; };
		FA0556412A31359B00480FEF /* SparseMatrixBuilder.h */ = {isa = PBXFileReference; lastKnownFileType = sourcecode.c.h; path = SparseMatrixBuilder.h; sourceTree = "<group>"; };
		FA0556492A3145E600480FEF /* SparseMatrixBuilderTest.m */ = {isa = PBXFileReference; lastKnownFileType = sourcecode.c.objc; path = SparseMatrixBuilderTest.m; sourceTree = "<group>"; };
		FA0556612A328E9E00480FEF /* simplicies_0.txt */ = {isa = PBXFileReference; lastKnownFileType = text; path = simplicies_0.txt; sourceTree = "<group>"; };
		FA22CFF329EC1C9000B6F933 /* MetalTopology.framework */ = {isa = PBXFileReference; explicitFileType = wrapper.framework; includeInIndex = 0; path = MetalTopology.framework; sourceTree = BUILT_PRODUCTS_DIR; };
		FA22CFF629EC1C9000B6F933 /* MetalTopology.h */ = {isa = PBXFileReference; lastKnownFileType = sourcecode.c.h; path = MetalTopology.h; sourceTree = "<group>"; };
		FA22CFF729EC1C9000B6F933 /* Info.plist */ = {isa = PBXFileReference; lastKnownFileType = text.plist.xml; path = Info.plist; sourceTree = "<group>"; };
		FA22CFFC29EC1C9000B6F933 /* MetalTopologyTests.xctest */ = {isa = PBXFileReference; explicitFileType = wrapper.cfbundle; includeInIndex = 0; path = MetalTopologyTests.xctest; sourceTree = BUILT_PRODUCTS_DIR; };
		FA22D00329EC1C9000B6F933 /* Info.plist */ = {isa = PBXFileReference; lastKnownFileType = text.plist.xml; path = Info.plist; sourceTree = "<group>"; };
		FA22D03729EC1E3000B6F933 /* Metal.framework */ = {isa = PBXFileReference; lastKnownFileType = wrapper.framework; name = Metal.framework; path = System/Library/Frameworks/Metal.framework; sourceTree = SDKROOT; };
		FA22D04529EC319100B6F933 /* compute */ = {isa = PBXFileReference; explicitFileType = "compiled.mach-o.executable"; includeInIndex = 0; path = compute; sourceTree = BUILT_PRODUCTS_DIR; };
		FA22D04729EC319100B6F933 /* main.m */ = {isa = PBXFileReference; lastKnownFileType = sourcecode.c.objc; path = main.m; sourceTree = "<group>"; };
		FA22D05F29FD312200B6F933 /* SparseMatrix.m */ = {isa = PBXFileReference; lastKnownFileType = sourcecode.c.objc; path = SparseMatrix.m; sourceTree = "<group>"; };
		FA22D06429FD313100B6F933 /* SparseMatrix.h */ = {isa = PBXFileReference; lastKnownFileType = sourcecode.c.h; path = SparseMatrix.h; sourceTree = "<group>"; };
		FA22D06E29FFF01A00B6F933 /* SparseMatrixTest.m */ = {isa = PBXFileReference; lastKnownFileType = sourcecode.c.objc; path = SparseMatrixTest.m; sourceTree = "<group>"; };
		FA22D07A2A029FC600B6F933 /* PhComputation.m */ = {isa = PBXFileReference; lastKnownFileType = sourcecode.c.objc; path = PhComputation.m; sourceTree = "<group>"; };
		FA22D07F2A029FDA00B6F933 /* PhComputation.h */ = {isa = PBXFileReference; lastKnownFileType = sourcecode.c.h; path = PhComputation.h; sourceTree = "<group>"; };
		FA22D0802A02A10700B6F933 /* PhComputation.metal */ = {isa = PBXFileReference; lastKnownFileType = sourcecode.metal; path = PhComputation.metal; sourceTree = "<group>"; };
		FA22D08A2A0440BC00B6F933 /* SparseMatrixReductionTest.m */ = {isa = PBXFileReference; lastKnownFileType = sourcecode.c.objc; path = SparseMatrixReductionTest.m; sourceTree = "<group>"; };
		FA2496822A34E4C7003D39EA /* Makefile */ = {isa = PBXFileReference; lastKnownFileType = sourcecode.make; path = Makefile; sourceTree = "<group>"; };
		FAA1B9EB2A05685C00754167 /* matrix_2.txt */ = {isa = PBXFileReference; lastKnownFileType = text; path = matrix_2.txt; sourceTree = "<group>"; };
		FAA1B9F02A05687000754167 /* matrix_2_reduced.txt */ = {isa = PBXFileReference; lastKnownFileType = text; path = matrix_2_reduced.txt; sourceTree = "<group>"; };
		FAA5BFEC2A16AE6100079843 /* README.md */ = {isa = PBXFileReference; lastKnownFileType = net.daringfireball.markdown; path = README.md; sourceTree = "<group>"; };
		FAE846D42A09AAE7006390BA /* matrix_3.txt */ = {isa = PBXFileReference; lastKnownFileType = text; path = matrix_3.txt; sourceTree = "<group>"; };
		FAE846D92A09AAFA006390BA /* matrix_3_pairs.txt */ = {isa = PBXFileReference; lastKnownFileType = text; path = matrix_3_pairs.txt; sourceTree = "<group>"; };
		FAE846DE2A09AEA8006390BA /* PersistencePairs.h */ = {isa = PBXFileReference; lastKnownFileType = sourcecode.c.h; path = PersistencePairs.h; sourceTree = "<group>"; };
		FAE846E32A09AEBC006390BA /* PersistencePairs.m */ = {isa = PBXFileReference; lastKnownFileType = sourcecode.c.objc; path = PersistencePairs.m; sourceTree = "<group>"; };
		FAE846F82A0A7190006390BA /* Types.h */ = {isa = PBXFileReference; lastKnownFileType = sourcecode.c.h; path = Types.h; sourceTree = "<group>"; };
		FAE847032A0A9036006390BA /* matrix_hiv_14_610.0.txt */ = {isa = PBXFileReference; lastKnownFileType = text; path = matrix_hiv_14_610.0.txt; sourceTree = "<group>"; };
		FAE847082A0A904B006390BA /* matrix_hiv_14_610.0_pairs.txt */ = {isa = PBXFileReference; lastKnownFileType = text; path = matrix_hiv_14_610.0_pairs.txt; sourceTree = "<group>"; };
		FAE847102A0D3B8B006390BA /* matrix_h3n2_2_30.0.txt */ = {isa = PBXFileReference; lastKnownFileType = text; path = matrix_h3n2_2_30.0.txt; sourceTree = "<group>"; };
		FAE847152A0D3B9E006390BA /* matrix_h3n2_2_30.0_pairs.txt */ = {isa = PBXFileReference; lastKnownFileType = text; path = matrix_h3n2_2_30.0_pairs.txt; sourceTree = "<group>"; };
		FAE8471D2A13DB2A006390BA /* matrix_1.txt */ = {isa = PBXFileReference; fileEncoding = 4; lastKnownFileType = text; path = matrix_1.txt; sourceTree = "<group>"; };
		FAE8471E2A13DB2A006390BA /* matrix_1_reduced.txt */ = {isa = PBXFileReference; fileEncoding = 4; lastKnownFileType = text; path = matrix_1_reduced.txt; sourceTree = "<group>"; };
/* End PBXFileReference section */

/* Begin PBXFrameworksBuildPhase section */
		FA22CFF029EC1C9000B6F933 /* Frameworks */ = {
			isa = PBXFrameworksBuildPhase;
			buildActionMask = 2147483647;
			files = (
				FA22D03829EC1E3100B6F933 /* Metal.framework in Frameworks */,
			);
			runOnlyForDeploymentPostprocessing = 0;
		};
		FA22CFF929EC1C9000B6F933 /* Frameworks */ = {
			isa = PBXFrameworksBuildPhase;
			buildActionMask = 2147483647;
			files = (
				FA22CFFD29EC1C9000B6F933 /* MetalTopology.framework in Frameworks */,
			);
			runOnlyForDeploymentPostprocessing = 0;
		};
		FA22D04229EC319100B6F933 /* Frameworks */ = {
			isa = PBXFrameworksBuildPhase;
			buildActionMask = 2147483647;
			files = (
				FA22D04F29EC31B800B6F933 /* MetalTopology.framework in Frameworks */,
			);
			runOnlyForDeploymentPostprocessing = 0;
		};
/* End PBXFrameworksBuildPhase section */

/* Begin PBXGroup section */
		FA22CFE929EC1C9000B6F933 = {
			isa = PBXGroup;
			children = (
				FA2496822A34E4C7003D39EA /* Makefile */,
				FAA5BFEC2A16AE6100079843 /* README.md */,
				FA22D04029EC311200B6F933 /* cmd */,
				FA22CFF529EC1C9000B6F933 /* MetalTopology */,
				FA22D00029EC1C9000B6F933 /* MetalTopologyTests */,
				FA22CFF429EC1C9000B6F933 /* Products */,
				FA22D03629EC1E3000B6F933 /* Frameworks */,
			);
			sourceTree = "<group>";
		};
		FA22CFF429EC1C9000B6F933 /* Products */ = {
			isa = PBXGroup;
			children = (
				FA22CFF329EC1C9000B6F933 /* MetalTopology.framework */,
				FA22CFFC29EC1C9000B6F933 /* MetalTopologyTests.xctest */,
				FA22D04529EC319100B6F933 /* compute */,
			);
			name = Products;
			sourceTree = "<group>";
		};
		FA22CFF529EC1C9000B6F933 /* MetalTopology */ = {
			isa = PBXGroup;
			children = (
				FA22CFF629EC1C9000B6F933 /* MetalTopology.h */,
				FA22CFF729EC1C9000B6F933 /* Info.plist */,
				FA22D05F29FD312200B6F933 /* SparseMatrix.m */,
				FA22D06429FD313100B6F933 /* SparseMatrix.h */,
				FA05563C2A31358500480FEF /* SparseMatrixBuilder.m */,
				FA0556412A31359B00480FEF /* SparseMatrixBuilder.h */,
				FA22D07A2A029FC600B6F933 /* PhComputation.m */,
				FA22D07F2A029FDA00B6F933 /* PhComputation.h */,
				FA22D0802A02A10700B6F933 /* PhComputation.metal */,
				FAE846DE2A09AEA8006390BA /* PersistencePairs.h */,
				FAE846E32A09AEBC006390BA /* PersistencePairs.m */,
				FAE846F82A0A7190006390BA /* Types.h */,
			);
			path = MetalTopology;
			sourceTree = "<group>";
		};
		FA22D00029EC1C9000B6F933 /* MetalTopologyTests */ = {
			isa = PBXGroup;
			children = (
				FA22D06529FFE83B00B6F933 /* static */,
				FA22D00329EC1C9000B6F933 /* Info.plist */,
				FA22D06E29FFF01A00B6F933 /* SparseMatrixTest.m */,
				FA22D08A2A0440BC00B6F933 /* SparseMatrixReductionTest.m */,
				FA0556492A3145E600480FEF /* SparseMatrixBuilderTest.m */,
			);
			path = MetalTopologyTests;
			sourceTree = "<group>";
		};
		FA22D03629EC1E3000B6F933 /* Frameworks */ = {
			isa = PBXGroup;
			children = (
				FA22D03729EC1E3000B6F933 /* Metal.framework */,
			);
			name = Frameworks;
			sourceTree = "<group>";
		};
		FA22D04029EC311200B6F933 /* cmd */ = {
			isa = PBXGroup;
			children = (
				FA22D04629EC319100B6F933 /* compute */,
			);
			path = cmd;
			sourceTree = "<group>";
		};
		FA22D04629EC319100B6F933 /* compute */ = {
			isa = PBXGroup;
			children = (
				FA22D04729EC319100B6F933 /* main.m */,
			);
			path = compute;
			sourceTree = "<group>";
		};
		FA22D06529FFE83B00B6F933 /* static */ = {
			isa = PBXGroup;
			children = (
				FA0556612A328E9E00480FEF /* simplicies_0.txt */,
				FAE8471E2A13DB2A006390BA /* matrix_1_reduced.txt */,
				FAE8471D2A13DB2A006390BA /* matrix_1.txt */,
				FAA1B9EB2A05685C00754167 /* matrix_2.txt */,
				FAA1B9F02A05687000754167 /* matrix_2_reduced.txt */,
				FAE846D42A09AAE7006390BA /* matrix_3.txt */,
				FAE846D92A09AAFA006390BA /* matrix_3_pairs.txt */,
				FAE847032A0A9036006390BA /* matrix_hiv_14_610.0.txt */,
				FAE847082A0A904B006390BA /* matrix_hiv_14_610.0_pairs.txt */,
				FAE847102A0D3B8B006390BA /* matrix_h3n2_2_30.0.txt */,
				FAE847152A0D3B9E006390BA /* matrix_h3n2_2_30.0_pairs.txt */,
			);
			path = static;
			sourceTree = "<group>";
		};
/* End PBXGroup section */

/* Begin PBXHeadersBuildPhase section */
		FA22CFEE29EC1C9000B6F933 /* Headers */ = {
			isa = PBXHeadersBuildPhase;
			buildActionMask = 2147483647;
			files = (
				FAE846F92A0A7190006390BA /* Types.h in Headers */,
				FAA1B9F52A070C1E00754167 /* PhComputation.h in Headers */,
				FAE846DF2A09AEA8006390BA /* PersistencePairs.h in Headers */,
				FA22D00429EC1C9000B6F933 /* MetalTopology.h in Headers */,
				FA0556422A3138C300480FEF /* SparseMatrixBuilder.h in Headers */,
			);
			runOnlyForDeploymentPostprocessing = 0;
		};
/* End PBXHeadersBuildPhase section */

/* Begin PBXNativeTarget section */
		FA22CFF229EC1C9000B6F933 /* MetalTopology */ = {
			isa = PBXNativeTarget;
			buildConfigurationList = FA22D00729EC1C9000B6F933 /* Build configuration list for PBXNativeTarget "MetalTopology" */;
			buildPhases = (
				FA22CFEE29EC1C9000B6F933 /* Headers */,
				FA22CFEF29EC1C9000B6F933 /* Sources */,
				FA22CFF029EC1C9000B6F933 /* Frameworks */,
				FA22CFF129EC1C9000B6F933 /* Resources */,
			);
			buildRules = (
			);
			dependencies = (
			);
			name = MetalTopology;
			productName = MetalTopology;
			productReference = FA22CFF329EC1C9000B6F933 /* MetalTopology.framework */;
			productType = "com.apple.product-type.framework";
		};
		FA22CFFB29EC1C9000B6F933 /* MetalTopologyTests */ = {
			isa = PBXNativeTarget;
			buildConfigurationList = FA22D00A29EC1C9000B6F933 /* Build configuration list for PBXNativeTarget "MetalTopologyTests" */;
			buildPhases = (
				FA22CFF829EC1C9000B6F933 /* Sources */,
				FA22CFF929EC1C9000B6F933 /* Frameworks */,
				FA22CFFA29EC1C9000B6F933 /* Resources */,
			);
			buildRules = (
			);
			dependencies = (
				FA22CFFF29EC1C9000B6F933 /* PBXTargetDependency */,
			);
			name = MetalTopologyTests;
			productName = MetalTopologyTests;
			productReference = FA22CFFC29EC1C9000B6F933 /* MetalTopologyTests.xctest */;
			productType = "com.apple.product-type.bundle.unit-test";
		};
		FA22D04429EC319100B6F933 /* compute */ = {
			isa = PBXNativeTarget;
			buildConfigurationList = FA22D04929EC319100B6F933 /* Build configuration list for PBXNativeTarget "compute" */;
			buildPhases = (
				FA22D04129EC319100B6F933 /* Sources */,
				FA22D04229EC319100B6F933 /* Frameworks */,
				FA22D04329EC319100B6F933 /* CopyFiles */,
			);
			buildRules = (
			);
			dependencies = (
			);
			name = compute;
			productName = compute;
			productReference = FA22D04529EC319100B6F933 /* compute */;
			productType = "com.apple.product-type.tool";
		};
/* End PBXNativeTarget section */

/* Begin PBXProject section */
		FA22CFEA29EC1C9000B6F933 /* Project object */ = {
			isa = PBXProject;
			attributes = {
				LastUpgradeCheck = 1220;
				TargetAttributes = {
					FA22CFF229EC1C9000B6F933 = {
						CreatedOnToolsVersion = 12.2;
					};
					FA22CFFB29EC1C9000B6F933 = {
						CreatedOnToolsVersion = 12.2;
					};
					FA22D04429EC319100B6F933 = {
						CreatedOnToolsVersion = 12.2;
					};
				};
			};
			buildConfigurationList = FA22CFED29EC1C9000B6F933 /* Build configuration list for PBXProject "MetalTopology" */;
			compatibilityVersion = "Xcode 9.3";
			developmentRegion = en;
			hasScannedForEncodings = 0;
			knownRegions = (
				en,
				Base,
			);
			mainGroup = FA22CFE929EC1C9000B6F933;
			productRefGroup = FA22CFF429EC1C9000B6F933 /* Products */;
			projectDirPath = "";
			projectRoot = "";
			targets = (
				FA22CFF229EC1C9000B6F933 /* MetalTopology */,
				FA22CFFB29EC1C9000B6F933 /* MetalTopologyTests */,
				FA22D04429EC319100B6F933 /* compute */,
			);
		};
/* End PBXProject section */

/* Begin PBXResourcesBuildPhase section */
		FA22CFF129EC1C9000B6F933 /* Resources */ = {
			isa = PBXResourcesBuildPhase;
			buildActionMask = 2147483647;
			files = (
			);
			runOnlyForDeploymentPostprocessing = 0;
		};
		FA22CFFA29EC1C9000B6F933 /* Resources */ = {
			isa = PBXResourcesBuildPhase;
			buildActionMask = 2147483647;
			files = (
				FAE8471F2A13DB2A006390BA /* matrix_1.txt in Resources */,
				FAA1B9EC2A05685C00754167 /* matrix_2.txt in Resources */,
				FAE846DA2A09AAFA006390BA /* matrix_3_pairs.txt in Resources */,
				FA0556622A328E9E00480FEF /* simplicies_0.txt in Resources */,
				FAE847112A0D3B8B006390BA /* matrix_h3n2_2_30.0.txt in Resources */,
				FAE847092A0A904B006390BA /* matrix_hiv_14_610.0_pairs.txt in Resources */,
				FAE847162A0D3B9E006390BA /* matrix_h3n2_2_30.0_pairs.txt in Resources */,
				FAA1B9F12A05687000754167 /* matrix_2_reduced.txt in Resources */,
				FAE847042A0A9036006390BA /* matrix_hiv_14_610.0.txt in Resources */,
				FAE847202A13DB2A006390BA /* matrix_1_reduced.txt in Resources */,
				FAE846D52A09AAE7006390BA /* matrix_3.txt in Resources */,
			);
			runOnlyForDeploymentPostprocessing = 0;
		};
/* End PBXResourcesBuildPhase section */

/* Begin PBXSourcesBuildPhase section */
		FA22CFEF29EC1C9000B6F933 /* Sources */ = {
			isa = PBXSourcesBuildPhase;
			buildActionMask = 2147483647;
			files = (
				FAE846F42A09B9D5006390BA /* PersistencePairs.m in Sources */,
				FA22D06029FD312200B6F933 /* SparseMatrix.m in Sources */,
				FA05563D2A31358500480FEF /* SparseMatrixBuilder.m in Sources */,
				FA22D0812A02A10700B6F933 /* PhComputation.metal in Sources */,
				FA22D07B2A029FC600B6F933 /* PhComputation.m in Sources */,
			);
			runOnlyForDeploymentPostprocessing = 0;
		};
		FA22CFF829EC1C9000B6F933 /* Sources */ = {
			isa = PBXSourcesBuildPhase;
			buildActionMask = 2147483647;
			files = (
				FA22D08B2A0440BC00B6F933 /* SparseMatrixReductionTest.m in Sources */,
				FA22D06F29FFF01A00B6F933 /* SparseMatrixTest.m in Sources */,
				FA05564A2A3145E600480FEF /* SparseMatrixBuilderTest.m in Sources */,
			);
			runOnlyForDeploymentPostprocessing = 0;
		};
		FA22D04129EC319100B6F933 /* Sources */ = {
			isa = PBXSourcesBuildPhase;
			buildActionMask = 2147483647;
			files = (
				FA22D04829EC319100B6F933 /* main.m in Sources */,
			);
			runOnlyForDeploymentPostprocessing = 0;
		};
/* End PBXSourcesBuildPhase section */

/* Begin PBXTargetDependency section */
		FA22CFFF29EC1C9000B6F933 /* PBXTargetDependency */ = {
			isa = PBXTargetDependency;
			target = FA22CFF229EC1C9000B6F933 /* MetalTopology */;
			targetProxy = FA22CFFE29EC1C9000B6F933 /* PBXContainerItemProxy */;
		};
/* End PBXTargetDependency section */

/* Begin XCBuildConfiguration section */
		FA22D00529EC1C9000B6F933 /* Debug */ = {
			isa = XCBuildConfiguration;
			buildSettings = {
				ALWAYS_SEARCH_USER_PATHS = NO;
				CLANG_ANALYZER_NONNULL = YES;
				CLANG_ANALYZER_NUMBER_OBJECT_CONVERSION = YES_AGGRESSIVE;
				CLANG_CXX_LANGUAGE_STANDARD = "gnu++14";
				CLANG_CXX_LIBRARY = "libc++";
				CLANG_ENABLE_MODULES = YES;
				CLANG_ENABLE_OBJC_ARC = YES;
				CLANG_ENABLE_OBJC_WEAK = YES;
				CLANG_WARN_BLOCK_CAPTURE_AUTORELEASING = YES;
				CLANG_WARN_BOOL_CONVERSION = YES;
				CLANG_WARN_COMMA = YES;
				CLANG_WARN_CONSTANT_CONVERSION = YES;
				CLANG_WARN_DEPRECATED_OBJC_IMPLEMENTATIONS = YES;
				CLANG_WARN_DIRECT_OBJC_ISA_USAGE = YES_ERROR;
				CLANG_WARN_DOCUMENTATION_COMMENTS = YES;
				CLANG_WARN_EMPTY_BODY = YES;
				CLANG_WARN_ENUM_CONVERSION = YES;
				CLANG_WARN_INFINITE_RECURSION = YES;
				CLANG_WARN_INT_CONVERSION = YES;
				CLANG_WARN_NON_LITERAL_NULL_CONVERSION = YES;
				CLANG_WARN_OBJC_IMPLICIT_RETAIN_SELF = YES;
				CLANG_WARN_OBJC_LITERAL_CONVERSION = YES;
				CLANG_WARN_OBJC_ROOT_CLASS = YES_ERROR;
				CLANG_WARN_QUOTED_INCLUDE_IN_FRAMEWORK_HEADER = YES;
				CLANG_WARN_RANGE_LOOP_ANALYSIS = YES;
				CLANG_WARN_STRICT_PROTOTYPES = YES;
				CLANG_WARN_SUSPICIOUS_MOVE = YES;
				CLANG_WARN_UNGUARDED_AVAILABILITY = YES_AGGRESSIVE;
				CLANG_WARN_UNREACHABLE_CODE = YES;
				CLANG_WARN__DUPLICATE_METHOD_MATCH = YES;
				COPY_PHASE_STRIP = NO;
				CURRENT_PROJECT_VERSION = 1;
				DEBUG_INFORMATION_FORMAT = dwarf;
				ENABLE_STRICT_OBJC_MSGSEND = YES;
				ENABLE_TESTABILITY = YES;
				GCC_C_LANGUAGE_STANDARD = gnu11;
				GCC_DYNAMIC_NO_PIC = NO;
				GCC_NO_COMMON_BLOCKS = YES;
				GCC_OPTIMIZATION_LEVEL = 0;
				GCC_PREPROCESSOR_DEFINITIONS = (
					"DEBUG=1",
					"$(inherited)",
				);
				GCC_WARN_64_TO_32_BIT_CONVERSION = YES;
				GCC_WARN_ABOUT_RETURN_TYPE = YES_ERROR;
				GCC_WARN_UNDECLARED_SELECTOR = YES;
				GCC_WARN_UNINITIALIZED_AUTOS = YES_AGGRESSIVE;
				GCC_WARN_UNUSED_FUNCTION = YES;
				GCC_WARN_UNUSED_VARIABLE = YES;
				MACOSX_DEPLOYMENT_TARGET = 10.15;
				MTL_ENABLE_DEBUG_INFO = INCLUDE_SOURCE;
				MTL_FAST_MATH = YES;
				ONLY_ACTIVE_ARCH = YES;
				SDKROOT = macosx;
				VERSIONING_SYSTEM = "apple-generic";
				VERSION_INFO_PREFIX = "";
			};
			name = Debug;
		};
		FA22D00629EC1C9000B6F933 /* Release */ = {
			isa = XCBuildConfiguration;
			buildSettings = {
				ALWAYS_SEARCH_USER_PATHS = NO;
				CLANG_ANALYZER_NONNULL = YES;
				CLANG_ANALYZER_NUMBER_OBJECT_CONVERSION = YES_AGGRESSIVE;
				CLANG_CXX_LANGUAGE_STANDARD = "gnu++14";
				CLANG_CXX_LIBRARY = "libc++";
				CLANG_ENABLE_MODULES = YES;
				CLANG_ENABLE_OBJC_ARC = YES;
				CLANG_ENABLE_OBJC_WEAK = YES;
				CLANG_WARN_BLOCK_CAPTURE_AUTORELEASING = YES;
				CLANG_WARN_BOOL_CONVERSION = YES;
				CLANG_WARN_COMMA = YES;
				CLANG_WARN_CONSTANT_CONVERSION = YES;
				CLANG_WARN_DEPRECATED_OBJC_IMPLEMENTATIONS = YES;
				CLANG_WARN_DIRECT_OBJC_ISA_USAGE = YES_ERROR;
				CLANG_WARN_DOCUMENTATION_COMMENTS = YES;
				CLANG_WARN_EMPTY_BODY = YES;
				CLANG_WARN_ENUM_CONVERSION = YES;
				CLANG_WARN_INFINITE_RECURSION = YES;
				CLANG_WARN_INT_CONVERSION = YES;
				CLANG_WARN_NON_LITERAL_NULL_CONVERSION = YES;
				CLANG_WARN_OBJC_IMPLICIT_RETAIN_SELF = YES;
				CLANG_WARN_OBJC_LITERAL_CONVERSION = YES;
				CLANG_WARN_OBJC_ROOT_CLASS = YES_ERROR;
				CLANG_WARN_QUOTED_INCLUDE_IN_FRAMEWORK_HEADER = YES;
				CLANG_WARN_RANGE_LOOP_ANALYSIS = YES;
				CLANG_WARN_STRICT_PROTOTYPES = YES;
				CLANG_WARN_SUSPICIOUS_MOVE = YES;
				CLANG_WARN_UNGUARDED_AVAILABILITY = YES_AGGRESSIVE;
				CLANG_WARN_UNREACHABLE_CODE = YES;
				CLANG_WARN__DUPLICATE_METHOD_MATCH = YES;
				COPY_PHASE_STRIP = NO;
				CURRENT_PROJECT_VERSION = 1;
				DEBUG_INFORMATION_FORMAT = "dwarf-with-dsym";
				ENABLE_NS_ASSERTIONS = NO;
				ENABLE_STRICT_OBJC_MSGSEND = YES;
				GCC_C_LANGUAGE_STANDARD = gnu11;
				GCC_NO_COMMON_BLOCKS = YES;
				GCC_OPTIMIZATION_LEVEL = 3;
				GCC_WARN_64_TO_32_BIT_CONVERSION = YES;
				GCC_WARN_ABOUT_RETURN_TYPE = YES_ERROR;
				GCC_WARN_UNDECLARED_SELECTOR = YES;
				GCC_WARN_UNINITIALIZED_AUTOS = YES_AGGRESSIVE;
				GCC_WARN_UNUSED_FUNCTION = YES;
				GCC_WARN_UNUSED_VARIABLE = YES;
				MACOSX_DEPLOYMENT_TARGET = 10.15;
				MTL_ENABLE_DEBUG_INFO = NO;
				MTL_FAST_MATH = YES;
				SDKROOT = macosx;
				VERSIONING_SYSTEM = "apple-generic";
				VERSION_INFO_PREFIX = "";
			};
			name = Release;
		};
		FA22D00829EC1C9000B6F933 /* Debug */ = {
			isa = XCBuildConfiguration;
			buildSettings = {
				CODE_SIGN_STYLE = Automatic;
				COMBINE_HIDPI_IMAGES = YES;
				DEFINES_MODULE = YES;
				DEVELOPMENT_TEAM = JCP45S4X6Q;
				DYLIB_COMPATIBILITY_VERSION = 1;
				DYLIB_CURRENT_VERSION = 1;
				DYLIB_INSTALL_NAME_BASE = "@rpath";
				INFOPLIST_FILE = MetalTopology/Info.plist;
				INSTALL_PATH = "$(LOCAL_LIBRARY_DIR)/Frameworks";
				LD_RUNPATH_SEARCH_PATHS = (
					"$(inherited)",
					"@executable_path/../Frameworks",
					"@loader_path/Frameworks",
				);
				PRODUCT_BUNDLE_IDENTIFIER = com.MetalTopology;
				PRODUCT_NAME = "$(TARGET_NAME:c99extidentifier)";
				SKIP_INSTALL = YES;
			};
			name = Debug;
		};
		FA22D00929EC1C9000B6F933 /* Release */ = {
			isa = XCBuildConfiguration;
			buildSettings = {
				CODE_SIGN_STYLE = Automatic;
				COMBINE_HIDPI_IMAGES = YES;
				DEFINES_MODULE = YES;
				DEVELOPMENT_TEAM = JCP45S4X6Q;
				DYLIB_COMPATIBILITY_VERSION = 1;
				DYLIB_CURRENT_VERSION = 1;
				DYLIB_INSTALL_NAME_BASE = "@rpath";
				INFOPLIST_FILE = MetalTopology/Info.plist;
				INSTALL_PATH = "$(LOCAL_LIBRARY_DIR)/Frameworks";
				LD_RUNPATH_SEARCH_PATHS = (
					"$(inherited)",
					"@executable_path/../Frameworks",
					"@loader_path/Frameworks",
				);
				PRODUCT_BUNDLE_IDENTIFIER = com.MetalTopology;
				PRODUCT_NAME = "$(TARGET_NAME:c99extidentifier)";
				SKIP_INSTALL = YES;
			};
			name = Release;
		};
		FA22D00B29EC1C9000B6F933 /* Debug */ = {
			isa = XCBuildConfiguration;
			buildSettings = {
				CODE_SIGN_STYLE = Automatic;
				COMBINE_HIDPI_IMAGES = YES;
				DEVELOPMENT_TEAM = JCP45S4X6Q;
				INFOPLIST_FILE = MetalTopologyTests/Info.plist;
				LD_RUNPATH_SEARCH_PATHS = (
					"$(inherited)",
					"@executable_path/../Frameworks",
					"@loader_path/../Frameworks",
				);
				PRODUCT_BUNDLE_IDENTIFIER = com.MetalTopologyTests;
				PRODUCT_NAME = "$(TARGET_NAME)";
			};
			name = Debug;
		};
		FA22D00C29EC1C9000B6F933 /* Release */ = {
			isa = XCBuildConfiguration;
			buildSettings = {
				CODE_SIGN_STYLE = Automatic;
				COMBINE_HIDPI_IMAGES = YES;
				DEVELOPMENT_TEAM = JCP45S4X6Q;
				INFOPLIST_FILE = MetalTopologyTests/Info.plist;
				LD_RUNPATH_SEARCH_PATHS = (
					"$(inherited)",
					"@executable_path/../Frameworks",
					"@loader_path/../Frameworks",
				);
				PRODUCT_BUNDLE_IDENTIFIER = com.MetalTopologyTests;
				PRODUCT_NAME = "$(TARGET_NAME)";
			};
			name = Release;
		};
		FA22D04A29EC319100B6F933 /* Debug */ = {
			isa = XCBuildConfiguration;
			buildSettings = {
				CODE_SIGN_STYLE = Automatic;
				DEVELOPMENT_TEAM = JCP45S4X6Q;
				ENABLE_HARDENED_RUNTIME = YES;
				PRODUCT_NAME = "$(TARGET_NAME)";
			};
			name = Debug;
		};
		FA22D04B29EC319100B6F933 /* Release */ = {
			isa = XCBuildConfiguration;
			buildSettings = {
				CODE_SIGN_STYLE = Automatic;
				DEVELOPMENT_TEAM = JCP45S4X6Q;
				ENABLE_HARDENED_RUNTIME = YES;
				PRODUCT_NAME = "$(TARGET_NAME)";
			};
			name = Release;
		};
/* End XCBuildConfiguration section */

/* Begin XCConfigurationList section */
		FA22CFED29EC1C9000B6F933 /* Build configuration list for PBXProject "MetalTopology" */ = {
			isa = XCConfigurationList;
			buildConfigurations = (
				FA22D00529EC1C9000B6F933 /* Debug */,
				FA22D00629EC1C9000B6F933 /* Release */,
			);
			defaultConfigurationIsVisible = 0;
			defaultConfigurationName = Release;
		};
		FA22D00729EC1C9000B6F933 /* Build configuration list for PBXNativeTarget "MetalTopology" */ = {
			isa = XCConfigurationList;
			buildConfigurations = (
				FA22D00829EC1C9000B6F933 /* Debug */,
				FA22D00929EC1C9000B6F933 /* Release */,
			);
			defaultConfigurationIsVisible = 0;
			defaultConfigurationName = Release;
		};
		FA22D00A29EC1C9000B6F933 /* Build configuration list for PBXNativeTarget "MetalTopologyTests" */ = {
			isa = XCConfigurationList;
			buildConfigurations = (
				FA22D00B29EC1C9000B6F933 /* Debug */,
				FA22D00C29EC1C9000B6F933 /* Release */,
			);
			defaultConfigurationIsVisible = 0;
			defaultConfigurationName = Release;
		};
		FA22D04929EC319100B6F933 /* Build configuration list for PBXNativeTarget "compute" */ = {
			isa = XCConfigurationList;
			buildConfigurations = (
				FA22D04A29EC319100B6F933 /* Debug */,
				FA22D04B29EC319100B6F933 /* Release */,
			);
			defaultConfigurationIsVisible = 0;
			defaultConfigurationName = Release;
		};
/* End XCConfigurationList section */
	};
	rootObject = FA22CFEA29EC1C9000B6F933 /* Project object */;
}
